
Microsoft Visual Studio Solution File, Format Version 12.00
# Visual Studio Version 17
VisualStudioVersion = 17.13.35931.197 d17.13
MinimumVisualStudioVersion = 10.0.40219.1
Project("{FAE04EC0-301F-11D3-BF4B-00C04F79EFBC}") = "CorretorAPI", "CorretorAPI\CorretorAPI.csproj", "{AEAB5D09-A505-46FA-9311-9BF5993B4FAF}"
EndProject
Global
	GlobalSection(SolutionConfigurationPlatforms) = preSolution
		Debug|Any CPU = Debug|Any CPU
		Release|Any CPU = Release|Any CPU
	EndGlobalSection
	GlobalSection(ProjectConfigurationPlatforms) = postSolution
		{AEAB5D09-A505-46FA-9311-9BF5993B4FAF}.Debug|Any CPU.ActiveCfg = Debug|Any CPU
		{AEAB5D09-A505-46FA-9311-9BF5993B4FAF}.Debug|Any CPU.Build.0 = Debug|Any CPU
		{AEAB5D09-A505-46FA-9311-9BF5993B4FAF}.Release|Any CPU.ActiveCfg = Release|Any CPU
		{AEAB5D09-A505-46FA-9311-9BF5993B4FAF}.Release|Any CPU.Build.0 = Release|Any CPU
	EndGlobalSection
	GlobalSection(SolutionProperties) = preSolution
		HideSolutionNode = FALSE
	EndGlobalSection
	GlobalSection(ExtensibilityGlobals) = postSolution
		SolutionGuid = {9FE9E1ED-049D-4979-8B00-DB217C37B07C}
	EndGlobalSection
EndGlobal
